
Microsoft Visual Studio Solution File, Format Version 12.00
Project("{2150E333-8FDC-42A3-9474-1A3956D46DE8}") = "2021", "2021", "{E3B5F2E7-35DA-4726-BBCF-6062847B1972}"
EndProject
Project("{FAE04EC0-301F-11D3-BF4B-00C04F79EFBC}") = "Day1", "Day1\Day1.csproj", "{7DBE322C-CB80-4AB1-963D-730F0E93EA54}"
EndProject
Project("{FAE04EC0-301F-11D3-BF4B-00C04F79EFBC}") = "Runner", "Runner\Runner.csproj", "{F9DD625D-FB39-4ED8-AC20-84562E357157}"
EndProject
Project("{FAE04EC0-301F-11D3-BF4B-00C04F79EFBC}") = "Day2", "Day2\Day2.csproj", "{8C6E48BA-8D40-4234-A6F9-86711C012EE4}"
EndProject
Global
	GlobalSection(SolutionConfigurationPlatforms) = preSolution
		Debug|Any CPU = Debug|Any CPU
		Release|Any CPU = Release|Any CPU
	EndGlobalSection
	GlobalSection(NestedProjects) = preSolution
		{7DBE322C-CB80-4AB1-963D-730F0E93EA54} = {E3B5F2E7-35DA-4726-BBCF-6062847B1972}
		{8C6E48BA-8D40-4234-A6F9-86711C012EE4} = {E3B5F2E7-35DA-4726-BBCF-6062847B1972}
	EndGlobalSection
	GlobalSection(ProjectConfigurationPlatforms) = postSolution
		{7DBE322C-CB80-4AB1-963D-730F0E93EA54}.Debug|Any CPU.ActiveCfg = Debug|Any CPU
		{7DBE322C-CB80-4AB1-963D-730F0E93EA54}.Debug|Any CPU.Build.0 = Debug|Any CPU
		{7DBE322C-CB80-4AB1-963D-730F0E93EA54}.Release|Any CPU.ActiveCfg = Release|Any CPU
		{7DBE322C-CB80-4AB1-963D-730F0E93EA54}.Release|Any CPU.Build.0 = Release|Any CPU
		{F9DD625D-FB39-4ED8-AC20-84562E357157}.Debug|Any CPU.ActiveCfg = Debug|Any CPU
		{F9DD625D-FB39-4ED8-AC20-84562E357157}.Debug|Any CPU.Build.0 = Debug|Any CPU
		{F9DD625D-FB39-4ED8-AC20-84562E357157}.Release|Any CPU.ActiveCfg = Release|Any CPU
		{F9DD625D-FB39-4ED8-AC20-84562E357157}.Release|Any CPU.Build.0 = Release|Any CPU
		{8C6E48BA-8D40-4234-A6F9-86711C012EE4}.Debug|Any CPU.ActiveCfg = Debug|Any CPU
		{8C6E48BA-8D40-4234-A6F9-86711C012EE4}.Debug|Any CPU.Build.0 = Debug|Any CPU
		{8C6E48BA-8D40-4234-A6F9-86711C012EE4}.Release|Any CPU.ActiveCfg = Release|Any CPU
		{8C6E48BA-8D40-4234-A6F9-86711C012EE4}.Release|Any CPU.Build.0 = Release|Any CPU
	EndGlobalSection
EndGlobal
